// !$*UTF8*$!
{
	archiveVersion = 1;
	classes = {
	};
	objectVersion = 46;
	objects = {

/* Begin PBXBuildFile section */
		850FD9511F408E680010F659 /* main.swift in Sources */ = {isa = PBXBuildFile; fileRef = 850FD9501F408E680010F659 /* main.swift */; };
/* End PBXBuildFile section */

/* Begin PBXCopyFilesBuildPhase section */
		850FD94B1F408E680010F659 /* CopyFiles */ = {
			isa = PBXCopyFilesBuildPhase;
			buildActionMask = 2147483647;
			dstPath = /usr/share/man/man1/;
			dstSubfolderSpec = 0;
			files = (
			);
			runOnlyForDeploymentPostprocessing = 1;
		};
/* End PBXCopyFilesBuildPhase section */

/* Begin PBXFileReference section */
		850FD94D1F408E680010F659 /* Swift设计模式 */ = {isa = PBXFileReference; explicitFileType = "compiled.mach-o.executable"; includeInIndex = 0; path = "Swift设计模式"; sourceTree = BUILT_PRODUCTS_DIR; };
		850FD9501F408E680010F659 /* main.swift */ = {isa = PBXFileReference; lastKnownFileType = sourcecode.swift; path = main.swift; sourceTree = "<group>"; };
		850FD95C1F4091770010F659 /* 01.playground */ = {isa = PBXFileReference; lastKnownFileType = file.playground; path = 01.playground; sourceTree = "<group>"; xcLanguageSpecificationIdentifier = xcode.lang.swift; };
		852490431F972C0F004EE11B /* 20.playground */ = {isa = PBXFileReference; lastKnownFileType = file.playground; path = 20.playground; sourceTree = "<group>"; xcLanguageSpecificationIdentifier = xcode.lang.swift; };
		8529ECA01F42D0BD007C397C /* 04.playground */ = {isa = PBXFileReference; lastKnownFileType = file.playground; path = 04.playground; sourceTree = "<group>"; xcLanguageSpecificationIdentifier = xcode.lang.swift; };
		852B7C8A1F4326180015A65E /* 03.playground */ = {isa = PBXFileReference; lastKnownFileType = file.playground; path = 03.playground; sourceTree = "<group>"; xcLanguageSpecificationIdentifier = xcode.lang.swift; };
		852D88171F6669A60053759E /* 15.playground */ = {isa = PBXFileReference; lastKnownFileType = file.playground; path = 15.playground; sourceTree = "<group>"; };
		852FF4151F4570CD00FAE699 /* 06.playground */ = {isa = PBXFileReference; lastKnownFileType = file.playground; path = 06.playground; sourceTree = "<group>"; xcLanguageSpecificationIdentifier = xcode.lang.swift; };
		852FF4171F45818D00FAE699 /* 07.playground */ = {isa = PBXFileReference; lastKnownFileType = file.playground; path = 07.playground; sourceTree = "<group>"; xcLanguageSpecificationIdentifier = xcode.lang.swift; };
		853521801F43D07C006A95A1 /* 05.playground */ = {isa = PBXFileReference; lastKnownFileType = file.playground; path = 05.playground; sourceTree = "<group>"; xcLanguageSpecificationIdentifier = xcode.lang.swift; };
		853CB1971F9DCD6C00CD1EEF /* 21.playground */ = {isa = PBXFileReference; lastKnownFileType = file.playground; path = 21.playground; sourceTree = "<group>"; xcLanguageSpecificationIdentifier = xcode.lang.swift; };
		853F30051F710E0500714F2F /* 17.playground */ = {isa = PBXFileReference; lastKnownFileType = file.playground; path = 17.playground; sourceTree = "<group>"; };
		85414F7C1F5D9CA700131530 /* 14.playground */ = {isa = PBXFileReference; lastKnownFileType = file.playground; path = 14.playground; sourceTree = "<group>"; };
		855A4EC01F4DB93C00F9E989 /* 09.playground */ = {isa = PBXFileReference; lastKnownFileType = file.playground; path = 09.playground; sourceTree = "<group>"; xcLanguageSpecificationIdentifier = xcode.lang.swift; };
		855E286C1F4AC32000396660 /* 08.playground */ = {isa = PBXFileReference; lastKnownFileType = file.playground; path = 08.playground; sourceTree = "<group>"; xcLanguageSpecificationIdentifier = xcode.lang.swift; };
		855EF5301F59029B00E39630 /* 11.playground */ = {isa = PBXFileReference; lastKnownFileType = file.playground; path = 11.playground; sourceTree = "<group>"; xcLanguageSpecificationIdentifier = xcode.lang.swift; };
		85657F331F5C2618005B9D50 /* 13.playground */ = {isa = PBXFileReference; lastKnownFileType = file.playground; path = 13.playground; sourceTree = "<group>"; };
		8569F3951F5ADDBC00798E6C /* 12.playground */ = {isa = PBXFileReference; lastKnownFileType = file.playground; path = 12.playground; sourceTree = "<group>"; };
		8586134C1F68FA65001267DD /* 16.playground */ = {isa = PBXFileReference; lastKnownFileType = file.playground; path = 16.playground; sourceTree = "<group>"; };
		859BB7C31F427F060060B19E /* 02.playground */ = {isa = PBXFileReference; lastKnownFileType = file.playground; path = 02.playground; sourceTree = "<group>"; xcLanguageSpecificationIdentifier = xcode.lang.swift; };
		85B8A47E1F52E8520077EAF9 /* 10.playground */ = {isa = PBXFileReference; lastKnownFileType = file.playground; path = 10.playground; sourceTree = "<group>"; xcLanguageSpecificationIdentifier = xcode.lang.swift; };
		85D8BB2A1F72055200FEED21 /* 18.playground */ = {isa = PBXFileReference; lastKnownFileType = file.playground; path = 18.playground; sourceTree = "<group>"; xcLanguageSpecificationIdentifier = xcode.lang.swift; };
		85F34D6D1F94602000A800B9 /* 19.playground */ = {isa = PBXFileReference; lastKnownFileType = file.playground; path = 19.playground; sourceTree = "<group>"; xcLanguageSpecificationIdentifier = xcode.lang.swift; };
/* End PBXFileReference section */

/* Begin PBXFrameworksBuildPhase section */
		850FD94A1F408E680010F659 /* Frameworks */ = {
			isa = PBXFrameworksBuildPhase;
			buildActionMask = 2147483647;
			files = (
			);
			runOnlyForDeploymentPostprocessing = 0;
		};
/* End PBXFrameworksBuildPhase section */

/* Begin PBXGroup section */
		850FD9441F408E680010F659 = {
			isa = PBXGroup;
			children = (
				850FD94F1F408E680010F659 /* Swift设计模式 */,
				850FD94E1F408E680010F659 /* Products */,
			);
			sourceTree = "<group>";
		};
		850FD94E1F408E680010F659 /* Products */ = {
			isa = PBXGroup;
			children = (
				850FD94D1F408E680010F659 /* Swift设计模式 */,
			);
			name = Products;
			sourceTree = "<group>";
		};
		850FD94F1F408E680010F659 /* Swift设计模式 */ = {
			isa = PBXGroup;
			children = (
				850FD9501F408E680010F659 /* main.swift */,
				850FD9571F408F5F0010F659 /* 01 对象模板模式 */,
				859BB7C21F427EF30060B19E /* 02 原型模式 */,
				852B7C891F4326180015A65E /* 03 单例模式 */,
				8529EC9F1F42D0B3007C397C /* 04 对象池模式 */,
				8535217F1F43D06A006A95A1 /* 05 工厂模式 */,
				852FF4141F4570C000FAE699 /* 06 建造者模式 */,
				852FF4161F45817D00FAE699 /* 07 适配器模式 */,
				855E286B1F4AC31100396660 /* 08 桥接模式 */,
				855A4EBF1F4DB92F00F9E989 /* 09 装饰器模式 */,
				85B8A47D1F52E83B0077EAF9 /* 10 组合模式 */,
				855EF52F1F5901F700E39630 /* 11 外观模式 */,
				8569F3941F5ADDA400798E6C /* 12 享元模式 */,
				85657F321F5C2609005B9D50 /* 13 代理模式 */,
				85414F7B1F5D9C9600131530 /* 14 责任链模式 */,
				852D88161F6669990053759E /* 15 命令模式 */,
				8586134B1F68FA55001267DD /* 16 中介者模式 */,
				853F30041F710DF700714F2F /* 17 观察者模式 */,
				85D8BB291F72029A00FEED21 /* 18 备忘录模式 */,
				85F34D6C1F945EAF00A800B9 /* 19 策略模式 */,
				852490421F972C0F004EE11B /* 20 访问者模式 */,
				853CB1961F9DCD6C00CD1EEF /* 21 模板方法模式 */,
			);
			path = "Swift设计模式";
			sourceTree = "<group>";
		};
		850FD9571F408F5F0010F659 /* 01 对象模板模式 */ = {
			isa = PBXGroup;
			children = (
				850FD95C1F4091770010F659 /* 01.playground */,
			);
			path = "01 对象模板模式";
			sourceTree = "<group>";
		};
		852490421F972C0F004EE11B /* 20 访问者模式 */ = {
			isa = PBXGroup;
			children = (
				852490431F972C0F004EE11B /* 20.playground */,
			);
			path = "20 访问者模式";
			sourceTree = "<group>";
		};
		8529EC9F1F42D0B3007C397C /* 04 对象池模式 */ = {
			isa = PBXGroup;
			children = (
				8529ECA01F42D0BD007C397C /* 04.playground */,
			);
			path = "04 对象池模式";
			sourceTree = "<group>";
		};
		852B7C891F4326180015A65E /* 03 单例模式 */ = {
			isa = PBXGroup;
			children = (
				852B7C8A1F4326180015A65E /* 03.playground */,
			);
			path = "03 单例模式";
			sourceTree = "<group>";
		};
		852D88161F6669990053759E /* 15 命令模式 */ = {
			isa = PBXGroup;
			children = (
				852D88171F6669A60053759E /* 15.playground */,
			);
			path = "15 命令模式";
			sourceTree = "<group>";
		};
		852FF4141F4570C000FAE699 /* 06 建造者模式 */ = {
			isa = PBXGroup;
			children = (
				852FF4151F4570CD00FAE699 /* 06.playground */,
			);
			path = "06 建造者模式";
			sourceTree = "<group>";
		};
		852FF4161F45817D00FAE699 /* 07 适配器模式 */ = {
			isa = PBXGroup;
			children = (
				852FF4171F45818D00FAE699 /* 07.playground */,
			);
			path = "07 适配器模式";
			sourceTree = "<group>";
		};
		8535217F1F43D06A006A95A1 /* 05 工厂模式 */ = {
			isa = PBXGroup;
			children = (
				853521801F43D07C006A95A1 /* 05.playground */,
			);
			path = "05 工厂模式";
			sourceTree = "<group>";
		};
		853CB1961F9DCD6C00CD1EEF /* 21 模板方法模式 */ = {
			isa = PBXGroup;
			children = (
				853CB1971F9DCD6C00CD1EEF /* 21.playground */,
			);
			path = "21 模板方法模式";
			sourceTree = "<group>";
		};
		853F30041F710DF700714F2F /* 17 观察者模式 */ = {
			isa = PBXGroup;
			children = (
				853F30051F710E0500714F2F /* 17.playground */,
			);
			path = "17 观察者模式";
			sourceTree = "<group>";
		};
		85414F7B1F5D9C9600131530 /* 14 责任链模式 */ = {
			isa = PBXGroup;
			children = (
				85414F7C1F5D9CA700131530 /* 14.playground */,
			);
			path = "14 责任链模式";
			sourceTree = "<group>";
		};
		855A4EBF1F4DB92F00F9E989 /* 09 装饰器模式 */ = {
			isa = PBXGroup;
			children = (
				855A4EC01F4DB93C00F9E989 /* 09.playground */,
			);
			path = "09 装饰器模式";
			sourceTree = "<group>";
		};
		855E286B1F4AC31100396660 /* 08 桥接模式 */ = {
			isa = PBXGroup;
			children = (
				855E286C1F4AC32000396660 /* 08.playground */,
			);
			path = "08 桥接模式";
			sourceTree = "<group>";
		};
		855EF52F1F5901F700E39630 /* 11 外观模式 */ = {
			isa = PBXGroup;
			children = (
				855EF5301F59029B00E39630 /* 11.playground */,
			);
			path = "11 外观模式";
			sourceTree = "<group>";
		};
		85657F321F5C2609005B9D50 /* 13 代理模式 */ = {
			isa = PBXGroup;
			children = (
				85657F331F5C2618005B9D50 /* 13.playground */,
			);
			path = "13 代理模式";
			sourceTree = "<group>";
		};
		8569F3941F5ADDA400798E6C /* 12 享元模式 */ = {
			isa = PBXGroup;
			children = (
				8569F3951F5ADDBC00798E6C /* 12.playground */,
			);
			path = "12 享元模式";
			sourceTree = "<group>";
		};
		8586134B1F68FA55001267DD /* 16 中介者模式 */ = {
			isa = PBXGroup;
			children = (
				8586134C1F68FA65001267DD /* 16.playground */,
			);
			path = "16 中介者模式";
			sourceTree = "<group>";
		};
		859BB7C21F427EF30060B19E /* 02 原型模式 */ = {
			isa = PBXGroup;
			children = (
				859BB7C31F427F060060B19E /* 02.playground */,
			);
			path = "02 原型模式";
			sourceTree = "<group>";
		};
		85B8A47D1F52E83B0077EAF9 /* 10 组合模式 */ = {
			isa = PBXGroup;
			children = (
				85B8A47E1F52E8520077EAF9 /* 10.playground */,
			);
			path = "10 组合模式";
			sourceTree = "<group>";
		};
		85D8BB291F72029A00FEED21 /* 18 备忘录模式 */ = {
			isa = PBXGroup;
			children = (
				85D8BB2A1F72055200FEED21 /* 18.playground */,
			);
			path = "18 备忘录模式";
			sourceTree = "<group>";
		};
		85F34D6C1F945EAF00A800B9 /* 19 策略模式 */ = {
			isa = PBXGroup;
			children = (
				85F34D6D1F94602000A800B9 /* 19.playground */,
			);
			path = "19 策略模式";
			sourceTree = "<group>";
		};
/* End PBXGroup section */

/* Begin PBXNativeTarget section */
		850FD94C1F408E680010F659 /* Swift设计模式 */ = {
			isa = PBXNativeTarget;
			buildConfigurationList = 850FD9541F408E680010F659 /* Build configuration list for PBXNativeTarget "Swift设计模式" */;
			buildPhases = (
				850FD9491F408E680010F659 /* Sources */,
				850FD94A1F408E680010F659 /* Frameworks */,
				850FD94B1F408E680010F659 /* CopyFiles */,
			);
			buildRules = (
			);
			dependencies = (
			);
			name = "Swift设计模式";
			productName = "Swift设计模式";
			productReference = 850FD94D1F408E680010F659 /* Swift设计模式 */;
			productType = "com.apple.product-type.tool";
		};
/* End PBXNativeTarget section */

/* Begin PBXProject section */
		850FD9451F408E680010F659 /* Project object */ = {
			isa = PBXProject;
			attributes = {
				LastSwiftUpdateCheck = 0830;
				LastUpgradeCheck = 0900;
				ORGANIZATIONNAME = "胡佳文";
				TargetAttributes = {
					850FD94C1F408E680010F659 = {
						CreatedOnToolsVersion = 8.3.3;
						DevelopmentTeam = 4EAX79Y925;
						ProvisioningStyle = Automatic;
					};
				};
			};
			buildConfigurationList = 850FD9481F408E680010F659 /* Build configuration list for PBXProject "Swift设计模式" */;
			compatibilityVersion = "Xcode 3.2";
			developmentRegion = English;
			hasScannedForEncodings = 0;
			knownRegions = (
				en,
			);
			mainGroup = 850FD9441F408E680010F659;
			productRefGroup = 850FD94E1F408E680010F659 /* Products */;
			projectDirPath = "";
			projectRoot = "";
			targets = (
				850FD94C1F408E680010F659 /* Swift设计模式 */,
			);
		};
/* End PBXProject section */

/* Begin PBXSourcesBuildPhase section */
		850FD9491F408E680010F659 /* Sources */ = {
			isa = PBXSourcesBuildPhase;
			buildActionMask = 2147483647;
			files = (
				850FD9511F408E680010F659 /* main.swift in Sources */,
			);
			runOnlyForDeploymentPostprocessing = 0;
		};
/* End PBXSourcesBuildPhase section */

/* Begin XCBuildConfiguration section */
		850FD9521F408E680010F659 /* Debug */ = {
			isa = XCBuildConfiguration;
			buildSettings = {
				ALWAYS_SEARCH_USER_PATHS = NO;
				CLANG_ANALYZER_NONNULL = YES;
				CLANG_ANALYZER_NUMBER_OBJECT_CONVERSION = YES_AGGRESSIVE;
				CLANG_CXX_LANGUAGE_STANDARD = "gnu++0x";
				CLANG_CXX_LIBRARY = "libc++";
				CLANG_ENABLE_MODULES = YES;
				CLANG_ENABLE_OBJC_ARC = YES;
				CLANG_WARN_BLOCK_CAPTURE_AUTORELEASING = YES;
				CLANG_WARN_BOOL_CONVERSION = YES;
				CLANG_WARN_COMMA = YES;
				CLANG_WARN_CONSTANT_CONVERSION = YES;
				CLANG_WARN_DIRECT_OBJC_ISA_USAGE = YES_ERROR;
				CLANG_WARN_DOCUMENTATION_COMMENTS = YES;
				CLANG_WARN_EMPTY_BODY = YES;
				CLANG_WARN_ENUM_CONVERSION = YES;
				CLANG_WARN_INFINITE_RECURSION = YES;
				CLANG_WARN_INT_CONVERSION = YES;
				CLANG_WARN_NON_LITERAL_NULL_CONVERSION = YES;
				CLANG_WARN_OBJC_LITERAL_CONVERSION = YES;
				CLANG_WARN_OBJC_ROOT_CLASS = YES_ERROR;
				CLANG_WARN_RANGE_LOOP_ANALYSIS = YES;
				CLANG_WARN_STRICT_PROTOTYPES = YES;
				CLANG_WARN_SUSPICIOUS_MOVE = YES;
				CLANG_WARN_UNREACHABLE_CODE = YES;
				CLANG_WARN__DUPLICATE_METHOD_MATCH = YES;
				CODE_SIGN_IDENTITY = "-";
				COPY_PHASE_STRIP = NO;
				DEBUG_INFORMATION_FORMAT = dwarf;
				ENABLE_STRICT_OBJC_MSGSEND = YES;
				ENABLE_TESTABILITY = YES;
				GCC_C_LANGUAGE_STANDARD = gnu99;
				GCC_DYNAMIC_NO_PIC = NO;
				GCC_NO_COMMON_BLOCKS = YES;
				GCC_OPTIMIZATION_LEVEL = 0;
				GCC_PREPROCESSOR_DEFINITIONS = (
					"DEBUG=1",
					"$(inherited)",
				);
				GCC_WARN_64_TO_32_BIT_CONVERSION = YES;
				GCC_WARN_ABOUT_RETURN_TYPE = YES_ERROR;
				GCC_WARN_UNDECLARED_SELECTOR = YES;
				GCC_WARN_UNINITIALIZED_AUTOS = YES_AGGRESSIVE;
				GCC_WARN_UNUSED_FUNCTION = YES;
				GCC_WARN_UNUSED_VARIABLE = YES;
				MACOSX_DEPLOYMENT_TARGET = 10.12;
				MTL_ENABLE_DEBUG_INFO = YES;
				ONLY_ACTIVE_ARCH = YES;
				SDKROOT = macosx;
				SWIFT_OPTIMIZATION_LEVEL = "-Onone";
			};
			name = Debug;
		};
		850FD9531F408E680010F659 /* Release */ = {
			isa = XCBuildConfiguration;
			buildSettings = {
				ALWAYS_SEARCH_USER_PATHS = NO;
				CLANG_ANALYZER_NONNULL = YES;
				CLANG_ANALYZER_NUMBER_OBJECT_CONVERSION = YES_AGGRESSIVE;
				CLANG_CXX_LANGUAGE_STANDARD = "gnu++0x";
				CLANG_CXX_LIBRARY = "libc++";
				CLANG_ENABLE_MODULES = YES;
				CLANG_ENABLE_OBJC_ARC = YES;
				CLANG_WARN_BLOCK_CAPTURE_AUTORELEASING = YES;
				CLANG_WARN_BOOL_CONVERSION = YES;
				CLANG_WARN_COMMA = YES;
				CLANG_WARN_CONSTANT_CONVERSION = YES;
				CLANG_WARN_DIRECT_OBJC_ISA_USAGE = YES_ERROR;
				CLANG_WARN_DOCUMENTATION_COMMENTS = YES;
				CLANG_WARN_EMPTY_BODY = YES;
				CLANG_WARN_ENUM_CONVERSION = YES;
				CLANG_WARN_INFINITE_RECURSION = YES;
				CLANG_WARN_INT_CONVERSION = YES;
				CLANG_WARN_NON_LITERAL_NULL_CONVERSION = YES;
				CLANG_WARN_OBJC_LITERAL_CONVERSION = YES;
				CLANG_WARN_OBJC_ROOT_CLASS = YES_ERROR;
				CLANG_WARN_RANGE_LOOP_ANALYSIS = YES;
				CLANG_WARN_STRICT_PROTOTYPES = YES;
				CLANG_WARN_SUSPICIOUS_MOVE = YES;
				CLANG_WARN_UNREACHABLE_CODE = YES;
				CLANG_WARN__DUPLICATE_METHOD_MATCH = YES;
				CODE_SIGN_IDENTITY = "-";
				COPY_PHASE_STRIP = NO;
				DEBUG_INFORMATION_FORMAT = "dwarf-with-dsym";
				ENABLE_NS_ASSERTIONS = NO;
				ENABLE_STRICT_OBJC_MSGSEND = YES;
				GCC_C_LANGUAGE_STANDARD = gnu99;
				GCC_NO_COMMON_BLOCKS = YES;
				GCC_WARN_64_TO_32_BIT_CONVERSION = YES;
				GCC_WARN_ABOUT_RETURN_TYPE = YES_ERROR;
				GCC_WARN_UNDECLARED_SELECTOR = YES;
				GCC_WARN_UNINITIALIZED_AUTOS = YES_AGGRESSIVE;
				GCC_WARN_UNUSED_FUNCTION = YES;
				GCC_WARN_UNUSED_VARIABLE = YES;
				MACOSX_DEPLOYMENT_TARGET = 10.12;
				MTL_ENABLE_DEBUG_INFO = NO;
				SDKROOT = macosx;
				SWIFT_OPTIMIZATION_LEVEL = "-Owholemodule";
			};
			name = Release;
		};
		850FD9551F408E680010F659 /* Debug */ = {
			isa = XCBuildConfiguration;
			buildSettings = {
				DEVELOPMENT_TEAM = 4EAX79Y925;
				PRODUCT_NAME = "$(TARGET_NAME)";
				SWIFT_VERSION = 4.0;
			};
			name = Debug;
		};
		850FD9561F408E680010F659 /* Release */ = {
			isa = XCBuildConfiguration;
			buildSettings = {
				DEVELOPMENT_TEAM = 4EAX79Y925;
				PRODUCT_NAME = "$(TARGET_NAME)";
				SWIFT_VERSION = 4.0;
			};
			name = Release;
		};
/* End XCBuildConfiguration section */

/* Begin XCConfigurationList section */
		850FD9481F408E680010F659 /* Build configuration list for PBXProject "Swift设计模式" */ = {
			isa = XCConfigurationList;
			buildConfigurations = (
				850FD9521F408E680010F659 /* Debug */,
				850FD9531F408E680010F659 /* Release */,
			);
			defaultConfigurationIsVisible = 0;
			defaultConfigurationName = Release;
		};
		850FD9541F408E680010F659 /* Build configuration list for PBXNativeTarget "Swift设计模式" */ = {
			isa = XCConfigurationList;
			buildConfigurations = (
				850FD9551F408E680010F659 /* Debug */,
				850FD9561F408E680010F659 /* Release */,
			);
			defaultConfigurationIsVisible = 0;
			defaultConfigurationName = Release;
		};
/* End XCConfigurationList section */
	};
	rootObject = 850FD9451F408E680010F659 /* Project object */;
}
